github.com/casbin/casbin/v2 v2.33.0 h1:qOILA1IveAOuO+IDU/o6J2WYjQJo0NQ6lDzOiUBH0BM=
github.com/casbin/casbin/v2 v2.33.0/go.mod h1:vByNa/Fchek0KZUgG5wEsl7iFsiviAYKRtgrQfcJqHg=
github.com/jmoiron/sqlx v1.3.4 h1:wv+0IJZfL5z0uZoUjlpKgHkgaFSYD+r9CfrXjEXsO7w=
github.com/jmoiron/sqlx v1.3.4/go.mod h1:2BljVx/86SuTyjE+aPYlHCTNvZrnJXghYGpNiXLBMCQ=